
Microsoft Visual Studio Solution File, Format Version 12.00
# Visual Studio Version 16
VisualStudioVersion = 16.0.30907.101
MinimumVisualStudioVersion = 10.0.40219.1
Project("{FAE04EC0-301F-11D3-BF4B-00C04F79EFBC}") = "HW.02.Image", "HW.02.Image.csproj", "{2634D6B3-9D67-4316-8AFD-FB8CC4D56731}"
EndProject
Global
	GlobalSection(SolutionConfigurationPlatforms) = preSolution
		Debug|Any CPU = Debug|Any CPU
		Release|Any CPU = Release|Any CPU
	EndGlobalSection
	GlobalSection(ProjectConfigurationPlatforms) = postSolution
		{2634D6B3-9D67-4316-8AFD-FB8CC4D56731}.Debug|Any CPU.ActiveCfg = Debug|Any CPU
		{2634D6B3-9D67-4316-8AFD-FB8CC4D56731}.Debug|Any CPU.Build.0 = Debug|Any CPU
		{2634D6B3-9D67-4316-8AFD-FB8CC4D56731}.Release|Any CPU.ActiveCfg = Release|Any CPU
		{2634D6B3-9D67-4316-8AFD-FB8CC4D56731}.Release|Any CPU.Build.0 = Release|Any CPU
	EndGlobalSection
	GlobalSection(SolutionProperties) = preSolution
		HideSolutionNode = FALSE
	EndGlobalSection
	GlobalSection(ExtensibilityGlobals) = postSolution
		SolutionGuid = {793C752A-3A7F-40F9-BA1A-42EC00DB8EE8}
	EndGlobalSection
EndGlobal
